
Microsoft Visual Studio Solution File, Format Version 12.00
# Visual Studio Version 17
VisualStudioVersion = 17.6.33723.286
MinimumVisualStudioVersion = 10.0.40219.1
Project("{FAE04EC0-301F-11D3-BF4B-00C04F79EFBC}") = "SamplePluginProject", "SamplePluginProject\SamplePluginProject.csproj", "{069FF5C5-381B-4737-87D7-FB78A84F83BE}"
EndProject
Project("{FAE04EC0-301F-11D3-BF4B-00C04F79EFBC}") = "SamplePluginProject.Base", "SamplePluginProject.Base\SamplePluginProject.Base.csproj", "{27575520-351E-49F8-A96F-9E2DD44A9052}"
EndProject
Global
	GlobalSection(SolutionConfigurationPlatforms) = preSolution
		Debug|Any CPU = Debug|Any CPU
		Release|Any CPU = Release|Any CPU
	EndGlobalSection
	GlobalSection(ProjectConfigurationPlatforms) = postSolution
		{069FF5C5-381B-4737-87D7-FB78A84F83BE}.Debug|Any CPU.ActiveCfg = Debug|Any CPU
		{069FF5C5-381B-4737-87D7-FB78A84F83BE}.Debug|Any CPU.Build.0 = Debug|Any CPU
		{069FF5C5-381B-4737-87D7-FB78A84F83BE}.Release|Any CPU.ActiveCfg = Release|Any CPU
		{069FF5C5-381B-4737-87D7-FB78A84F83BE}.Release|Any CPU.Build.0 = Release|Any CPU
		{27575520-351E-49F8-A96F-9E2DD44A9052}.Debug|Any CPU.ActiveCfg = Debug|Any CPU
		{27575520-351E-49F8-A96F-9E2DD44A9052}.Debug|Any CPU.Build.0 = Debug|Any CPU
		{27575520-351E-49F8-A96F-9E2DD44A9052}.Release|Any CPU.ActiveCfg = Release|Any CPU
		{27575520-351E-49F8-A96F-9E2DD44A9052}.Release|Any CPU.Build.0 = Release|Any CPU
	EndGlobalSection
	GlobalSection(SolutionProperties) = preSolution
		HideSolutionNode = FALSE
	EndGlobalSection
	GlobalSection(ExtensibilityGlobals) = postSolution
		SolutionGuid = {19D0D864-FF61-4903-B3E1-EC73B45DF7E9}
	EndGlobalSection
EndGlobal
